
Microsoft Visual Studio Solution File, Format Version 12.00
# Visual Studio Version 17
VisualStudioVersion = 17.6.33723.286
MinimumVisualStudioVersion = 10.0.40219.1
Project("{FAE04EC0-301F-11D3-BF4B-00C04F79EFBC}") = "WebApiSQL", "WebApiSQL.csproj", "{F6491F6C-7523-4D57-8953-D3C9CEC534F7}"
EndProject
Global
	GlobalSection(SolutionConfigurationPlatforms) = preSolution
		Debug|Any CPU = Debug|Any CPU
		Release|Any CPU = Release|Any CPU
	EndGlobalSection
	GlobalSection(ProjectConfigurationPlatforms) = postSolution
		{F6491F6C-7523-4D57-8953-D3C9CEC534F7}.Debug|Any CPU.ActiveCfg = Debug|Any CPU
		{F6491F6C-7523-4D57-8953-D3C9CEC534F7}.Debug|Any CPU.Build.0 = Debug|Any CPU
		{F6491F6C-7523-4D57-8953-D3C9CEC534F7}.Release|Any CPU.ActiveCfg = Release|Any CPU
		{F6491F6C-7523-4D57-8953-D3C9CEC534F7}.Release|Any CPU.Build.0 = Release|Any CPU
	EndGlobalSection
	GlobalSection(SolutionProperties) = preSolution
		HideSolutionNode = FALSE
	EndGlobalSection
	GlobalSection(ExtensibilityGlobals) = postSolution
		SolutionGuid = {6B26C46E-E0E1-49C3-9ED9-4231B93E9171}
	EndGlobalSection
EndGlobal
